
Microsoft Visual Studio Solution File, Format Version 12.00
# Visual Studio 15
VisualStudioVersion = 15.0.27004.2002
MinimumVisualStudioVersion = 10.0.40219.1
Project("{FAE04EC0-301F-11D3-BF4B-00C04F79EFBC}") = "SimpleApp", "SimpleApp\SimpleApp.csproj", "{EC2DE54E-90B3-447F-9A4F-D4E9B6F5898C}"
EndProject
Global
	GlobalSection(SolutionConfigurationPlatforms) = preSolution
		Debug|Any CPU = Debug|Any CPU
		Release|Any CPU = Release|Any CPU
	EndGlobalSection
	GlobalSection(ProjectConfigurationPlatforms) = postSolution
		{EC2DE54E-90B3-447F-9A4F-D4E9B6F5898C}.Debug|Any CPU.ActiveCfg = Debug|Any CPU
		{EC2DE54E-90B3-447F-9A4F-D4E9B6F5898C}.Debug|Any CPU.Build.0 = Debug|Any CPU
		{EC2DE54E-90B3-447F-9A4F-D4E9B6F5898C}.Release|Any CPU.ActiveCfg = Release|Any CPU
		{EC2DE54E-90B3-447F-9A4F-D4E9B6F5898C}.Release|Any CPU.Build.0 = Release|Any CPU
	EndGlobalSection
	GlobalSection(SolutionProperties) = preSolution
		HideSolutionNode = FALSE
	EndGlobalSection
	GlobalSection(ExtensibilityGlobals) = postSolution
		SolutionGuid = {BBB77AB7-B09A-4393-B367-839154B7CB74}
	EndGlobalSection
EndGlobal
